
Microsoft Visual Studio Solution File, Format Version 12.00
# Visual Studio Version 16
VisualStudioVersion = 16.0.30907.101
MinimumVisualStudioVersion = 10.0.40219.1
Project("{FAE04EC0-301F-11D3-BF4B-00C04F79EFBC}") = "ToDoList.UWP", "ToDoList\ToDoList.UWP\ToDoList.UWP.csproj", "{9DC0A359-5A78-4F59-A72E-F575BFC3A6B1}"
EndProject
Project("{FAE04EC0-301F-11D3-BF4B-00C04F79EFBC}") = "ToDoList.Android", "ToDoList\ToDoList.Android\ToDoList.Android.csproj", "{0F1BB6BC-F5A9-47EC-8511-06AB999A92F4}"
EndProject
Project("{FAE04EC0-301F-11D3-BF4B-00C04F79EFBC}") = "ToDoList.iOS", "ToDoList\ToDoList.iOS\ToDoList.iOS.csproj", "{CB09E78D-0ECA-4473-8FEB-6371582732BD}"
EndProject
Project("{FAE04EC0-301F-11D3-BF4B-00C04F79EFBC}") = "ToDoList", "ToDoList\ToDoList\ToDoList.csproj", "{3024D66A-DDB4-4FF8-8DAF-F976C54623EA}"
EndProject
Global
	GlobalSection(SolutionConfigurationPlatforms) = preSolution
		Debug|Any CPU = Debug|Any CPU
		Debug|ARM = Debug|ARM
		Debug|iPhone = Debug|iPhone
		Debug|iPhoneSimulator = Debug|iPhoneSimulator
		Debug|x64 = Debug|x64
		Debug|x86 = Debug|x86
		Release|Any CPU = Release|Any CPU
		Release|ARM = Release|ARM
		Release|iPhone = Release|iPhone
		Release|iPhoneSimulator = Release|iPhoneSimulator
		Release|x64 = Release|x64
		Release|x86 = Release|x86
	EndGlobalSection
	GlobalSection(ProjectConfigurationPlatforms) = postSolution
		{9DC0A359-5A78-4F59-A72E-F575BFC3A6B1}.Debug|Any CPU.ActiveCfg = Debug|x86
		{9DC0A359-5A78-4F59-A72E-F575BFC3A6B1}.Debug|Any CPU.Build.0 = Debug|x86
		{9DC0A359-5A78-4F59-A72E-F575BFC3A6B1}.Debug|Any CPU.Deploy.0 = Debug|x86
		{9DC0A359-5A78-4F59-A72E-F575BFC3A6B1}.Debug|ARM.ActiveCfg = Debug|ARM
		{9DC0A359-5A78-4F59-A72E-F575BFC3A6B1}.Debug|ARM.Build.0 = Debug|ARM
		{9DC0A359-5A78-4F59-A72E-F575BFC3A6B1}.Debug|ARM.Deploy.0 = Debug|ARM
		{9DC0A359-5A78-4F59-A72E-F575BFC3A6B1}.Debug|iPhone.ActiveCfg = Debug|x86
		{9DC0A359-5A78-4F59-A72E-F575BFC3A6B1}.Debug|iPhone.Build.0 = Debug|x86
		{9DC0A359-5A78-4F59-A72E-F575BFC3A6B1}.Debug|iPhone.Deploy.0 = Debug|x86
		{9DC0A359-5A78-4F59-A72E-F575BFC3A6B1}.Debug|iPhoneSimulator.ActiveCfg = Debug|x86
		{9DC0A359-5A78-4F59-A72E-F575BFC3A6B1}.Debug|iPhoneSimulator.Build.0 = Debug|x86
		{9DC0A359-5A78-4F59-A72E-F575BFC3A6B1}.Debug|iPhoneSimulator.Deploy.0 = Debug|x86
		{9DC0A359-5A78-4F59-A72E-F575BFC3A6B1}.Debug|x64.ActiveCfg = Debug|x64
		{9DC0A359-5A78-4F59-A72E-F575BFC3A6B1}.Debug|x64.Build.0 = Debug|x64
		{9DC0A359-5A78-4F59-A72E-F575BFC3A6B1}.Debug|x64.Deploy.0 = Debug|x64
		{9DC0A359-5A78-4F59-A72E-F575BFC3A6B1}.Debug|x86.ActiveCfg = Debug|x86
		{9DC0A359-5A78-4F59-A72E-F575BFC3A6B1}.Debug|x86.Build.0 = Debug|x86
		{9DC0A359-5A78-4F59-A72E-F575BFC3A6B1}.Debug|x86.Deploy.0 = Debug|x86
		{9DC0A359-5A78-4F59-A72E-F575BFC3A6B1}.Release|Any CPU.ActiveCfg = Release|x86
		{9DC0A359-5A78-4F59-A72E-F575BFC3A6B1}.Release|Any CPU.Build.0 = Release|x86
		{9DC0A359-5A78-4F59-A72E-F575BFC3A6B1}.Release|Any CPU.Deploy.0 = Release|x86
		{9DC0A359-5A78-4F59-A72E-F575BFC3A6B1}.Release|ARM.ActiveCfg = Release|ARM
		{9DC0A359-5A78-4F59-A72E-F575BFC3A6B1}.Release|ARM.Build.0 = Release|ARM
		{9DC0A359-5A78-4F59-A72E-F575BFC3A6B1}.Release|ARM.Deploy.0 = Release|ARM
		{9DC0A359-5A78-4F59-A72E-F575BFC3A6B1}.Release|iPhone.ActiveCfg = Release|x86
		{9DC0A359-5A78-4F59-A72E-F575BFC3A6B1}.Release|iPhone.Build.0 = Release|x86
		{9DC0A359-5A78-4F59-A72E-F575BFC3A6B1}.Release|iPhone.Deploy.0 = Release|x86
		{9DC0A359-5A78-4F59-A72E-F575BFC3A6B1}.Release|iPhoneSimulator.ActiveCfg = Release|x86
		{9DC0A359-5A78-4F59-A72E-F575BFC3A6B1}.Release|iPhoneSimulator.Build.0 = Release|x86
		{9DC0A359-5A78-4F59-A72E-F575BFC3A6B1}.Release|iPhoneSimulator.Deploy.0 = Release|x86
		{9DC0A359-5A78-4F59-A72E-F575BFC3A6B1}.Release|x64.ActiveCfg = Release|x64
		{9DC0A359-5A78-4F59-A72E-F575BFC3A6B1}.Release|x64.Build.0 = Release|x64
		{9DC0A359-5A78-4F59-A72E-F575BFC3A6B1}.Release|x64.Deploy.0 = Release|x64
		{9DC0A359-5A78-4F59-A72E-F575BFC3A6B1}.Release|x86.ActiveCfg = Release|x86
		{9DC0A359-5A78-4F59-A72E-F575BFC3A6B1}.Release|x86.Build.0 = Release|x86
		{9DC0A359-5A78-4F59-A72E-F575BFC3A6B1}.Release|x86.Deploy.0 = Release|x86
		{0F1BB6BC-F5A9-47EC-8511-06AB999A92F4}.Debug|Any CPU.ActiveCfg = Debug|Any CPU
		{0F1BB6BC-F5A9-47EC-8511-06AB999A92F4}.Debug|Any CPU.Build.0 = Debug|Any CPU
		{0F1BB6BC-F5A9-47EC-8511-06AB999A92F4}.Debug|Any CPU.Deploy.0 = Debug|Any CPU
		{0F1BB6BC-F5A9-47EC-8511-06AB999A92F4}.Debug|ARM.ActiveCfg = Debug|Any CPU
		{0F1BB6BC-F5A9-47EC-8511-06AB999A92F4}.Debug|ARM.Build.0 = Debug|Any CPU
		{0F1BB6BC-F5A9-47EC-8511-06AB999A92F4}.Debug|ARM.Deploy.0 = Debug|Any CPU
		{0F1BB6BC-F5A9-47EC-8511-06AB999A92F4}.Debug|iPhone.ActiveCfg = Debug|Any CPU
		{0F1BB6BC-F5A9-47EC-8511-06AB999A92F4}.Debug|iPhone.Build.0 = Debug|Any CPU
		{0F1BB6BC-F5A9-47EC-8511-06AB999A92F4}.Debug|iPhone.Deploy.0 = Debug|Any CPU
		{0F1BB6BC-F5A9-47EC-8511-06AB999A92F4}.Debug|iPhoneSimulator.ActiveCfg = Debug|Any CPU
		{0F1BB6BC-F5A9-47EC-8511-06AB999A92F4}.Debug|iPhoneSimulator.Build.0 = Debug|Any CPU
		{0F1BB6BC-F5A9-47EC-8511-06AB999A92F4}.Debug|iPhoneSimulator.Deploy.0 = Debug|Any CPU
		{0F1BB6BC-F5A9-47EC-8511-06AB999A92F4}.Debug|x64.ActiveCfg = Debug|Any CPU
		{0F1BB6BC-F5A9-47EC-8511-06AB999A92F4}.Debug|x64.Build.0 = Debug|Any CPU
		{0F1BB6BC-F5A9-47EC-8511-06AB999A92F4}.Debug|x64.Deploy.0 = Debug|Any CPU
		{0F1BB6BC-F5A9-47EC-8511-06AB999A92F4}.Debug|x86.ActiveCfg = Debug|Any CPU
		{0F1BB6BC-F5A9-47EC-8511-06AB999A92F4}.Debug|x86.Build.0 = Debug|Any CPU
		{0F1BB6BC-F5A9-47EC-8511-06AB999A92F4}.Debug|x86.Deploy.0 = Debug|Any CPU
		{0F1BB6BC-F5A9-47EC-8511-06AB999A92F4}.Release|Any CPU.ActiveCfg = Release|Any CPU
		{0F1BB6BC-F5A9-47EC-8511-06AB999A92F4}.Release|Any CPU.Build.0 = Release|Any CPU
		{0F1BB6BC-F5A9-47EC-8511-06AB999A92F4}.Release|Any CPU.Deploy.0 = Release|Any CPU
		{0F1BB6BC-F5A9-47EC-8511-06AB999A92F4}.Release|ARM.ActiveCfg = Release|Any CPU
		{0F1BB6BC-F5A9-47EC-8511-06AB999A92F4}.Release|ARM.Build.0 = Release|Any CPU
		{0F1BB6BC-F5A9-47EC-8511-06AB999A92F4}.Release|ARM.Deploy.0 = Release|Any CPU
		{0F1BB6BC-F5A9-47EC-8511-06AB999A92F4}.Release|iPhone.ActiveCfg = Release|Any CPU
		{0F1BB6BC-F5A9-47EC-8511-06AB999A92F4}.Release|iPhone.Build.0 = Release|Any CPU
		{0F1BB6BC-F5A9-47EC-8511-06AB999A92F4}.Release|iPhone.Deploy.0 = Release|Any CPU
		{0F1BB6BC-F5A9-47EC-8511-06AB999A92F4}.Release|iPhoneSimulator.ActiveCfg = Release|Any CPU
		{0F1BB6BC-F5A9-47EC-8511-06AB999A92F4}.Release|iPhoneSimulator.Build.0 = Release|Any CPU
		{0F1BB6BC-F5A9-47EC-8511-06AB999A92F4}.Release|iPhoneSimulator.Deploy.0 = Release|Any CPU
		{0F1BB6BC-F5A9-47EC-8511-06AB999A92F4}.Release|x64.ActiveCfg = Release|Any CPU
		{0F1BB6BC-F5A9-47EC-8511-06AB999A92F4}.Release|x64.Build.0 = Release|Any CPU
		{0F1BB6BC-F5A9-47EC-8511-06AB999A92F4}.Release|x64.Deploy.0 = Release|Any CPU
		{0F1BB6BC-F5A9-47EC-8511-06AB999A92F4}.Release|x86.ActiveCfg = Release|Any CPU
		{0F1BB6BC-F5A9-47EC-8511-06AB999A92F4}.Release|x86.Build.0 = Release|Any CPU
		{0F1BB6BC-F5A9-47EC-8511-06AB999A92F4}.Release|x86.Deploy.0 = Release|Any CPU
		{CB09E78D-0ECA-4473-8FEB-6371582732BD}.Debug|Any CPU.ActiveCfg = Debug|iPhoneSimulator
		{CB09E78D-0ECA-4473-8FEB-6371582732BD}.Debug|Any CPU.Build.0 = Debug|iPhoneSimulator
		{CB09E78D-0ECA-4473-8FEB-6371582732BD}.Debug|Any CPU.Deploy.0 = Debug|iPhoneSimulator
		{CB09E78D-0ECA-4473-8FEB-6371582732BD}.Debug|ARM.ActiveCfg = Debug|iPhone
		{CB09E78D-0ECA-4473-8FEB-6371582732BD}.Debug|ARM.Build.0 = Debug|iPhone
		{CB09E78D-0ECA-4473-8FEB-6371582732BD}.Debug|ARM.Deploy.0 = Debug|iPhone
		{CB09E78D-0ECA-4473-8FEB-6371582732BD}.Debug|iPhone.ActiveCfg = Debug|iPhone
		{CB09E78D-0ECA-4473-8FEB-6371582732BD}.Debug|iPhone.Build.0 = Debug|iPhone
		{CB09E78D-0ECA-4473-8FEB-6371582732BD}.Debug|iPhone.Deploy.0 = Debug|iPhone
		{CB09E78D-0ECA-4473-8FEB-6371582732BD}.Debug|iPhoneSimulator.ActiveCfg = Debug|iPhoneSimulator
		{CB09E78D-0ECA-4473-8FEB-6371582732BD}.Debug|iPhoneSimulator.Build.0 = Debug|iPhoneSimulator
		{CB09E78D-0ECA-4473-8FEB-6371582732BD}.Debug|iPhoneSimulator.Deploy.0 = Debug|iPhoneSimulator
		{CB09E78D-0ECA-4473-8FEB-6371582732BD}.Debug|x64.ActiveCfg = Debug|iPhoneSimulator
		{CB09E78D-0ECA-4473-8FEB-6371582732BD}.Debug|x64.Build.0 = Debug|iPhoneSimulator
		{CB09E78D-0ECA-4473-8FEB-6371582732BD}.Debug|x64.Deploy.0 = Debug|iPhoneSimulator
		{CB09E78D-0ECA-4473-8FEB-6371582732BD}.Debug|x86.ActiveCfg = Debug|iPhoneSimulator
		{CB09E78D-0ECA-4473-8FEB-6371582732BD}.Debug|x86.Build.0 = Debug|iPhoneSimulator
		{CB09E78D-0ECA-4473-8FEB-6371582732BD}.Debug|x86.Deploy.0 = Debug|iPhoneSimulator
		{CB09E78D-0ECA-4473-8FEB-6371582732BD}.Release|Any CPU.ActiveCfg = Release|iPhoneSimulator
		{CB09E78D-0ECA-4473-8FEB-6371582732BD}.Release|Any CPU.Build.0 = Release|iPhoneSimulator
		{CB09E78D-0ECA-4473-8FEB-6371582732BD}.Release|Any CPU.Deploy.0 = Release|iPhoneSimulator
		{CB09E78D-0ECA-4473-8FEB-6371582732BD}.Release|ARM.ActiveCfg = Release|iPhoneSimulator
		{CB09E78D-0ECA-4473-8FEB-6371582732BD}.Release|ARM.Build.0 = Release|iPhoneSimulator
		{CB09E78D-0ECA-4473-8FEB-6371582732BD}.Release|ARM.Deploy.0 = Release|iPhoneSimulator
		{CB09E78D-0ECA-4473-8FEB-6371582732BD}.Release|iPhone.ActiveCfg = Release|iPhone
		{CB09E78D-0ECA-4473-8FEB-6371582732BD}.Release|iPhone.Build.0 = Release|iPhone
		{CB09E78D-0ECA-4473-8FEB-6371582732BD}.Release|iPhone.Deploy.0 = Release|iPhone
		{CB09E78D-0ECA-4473-8FEB-6371582732BD}.Release|iPhoneSimulator.ActiveCfg = Release|iPhoneSimulator
		{CB09E78D-0ECA-4473-8FEB-6371582732BD}.Release|iPhoneSimulator.Build.0 = Release|iPhoneSimulator
		{CB09E78D-0ECA-4473-8FEB-6371582732BD}.Release|iPhoneSimulator.Deploy.0 = Release|iPhoneSimulator
		{CB09E78D-0ECA-4473-8FEB-6371582732BD}.Release|x64.ActiveCfg = Release|iPhoneSimulator
		{CB09E78D-0ECA-4473-8FEB-6371582732BD}.Release|x64.Build.0 = Release|iPhoneSimulator
		{CB09E78D-0ECA-4473-8FEB-6371582732BD}.Release|x64.Deploy.0 = Release|iPhoneSimulator
		{CB09E78D-0ECA-4473-8FEB-6371582732BD}.Release|x86.ActiveCfg = Release|iPhoneSimulator
		{CB09E78D-0ECA-4473-8FEB-6371582732BD}.Release|x86.Build.0 = Release|iPhoneSimulator
		{CB09E78D-0ECA-4473-8FEB-6371582732BD}.Release|x86.Deploy.0 = Release|iPhoneSimulator
		{3024D66A-DDB4-4FF8-8DAF-F976C54623EA}.Debug|Any CPU.ActiveCfg = Debug|Any CPU
		{3024D66A-DDB4-4FF8-8DAF-F976C54623EA}.Debug|Any CPU.Build.0 = Debug|Any CPU
		{3024D66A-DDB4-4FF8-8DAF-F976C54623EA}.Debug|Any CPU.Deploy.0 = Debug|Any CPU
		{3024D66A-DDB4-4FF8-8DAF-F976C54623EA}.Debug|ARM.ActiveCfg = Debug|Any CPU
		{3024D66A-DDB4-4FF8-8DAF-F976C54623EA}.Debug|ARM.Build.0 = Debug|Any CPU
		{3024D66A-DDB4-4FF8-8DAF-F976C54623EA}.Debug|ARM.Deploy.0 = Debug|Any CPU
		{3024D66A-DDB4-4FF8-8DAF-F976C54623EA}.Debug|iPhone.ActiveCfg = Debug|Any CPU
		{3024D66A-DDB4-4FF8-8DAF-F976C54623EA}.Debug|iPhone.Build.0 = Debug|Any CPU
		{3024D66A-DDB4-4FF8-8DAF-F976C54623EA}.Debug|iPhone.Deploy.0 = Debug|Any CPU
		{3024D66A-DDB4-4FF8-8DAF-F976C54623EA}.Debug|iPhoneSimulator.ActiveCfg = Debug|Any CPU
		{3024D66A-DDB4-4FF8-8DAF-F976C54623EA}.Debug|iPhoneSimulator.Build.0 = Debug|Any CPU
		{3024D66A-DDB4-4FF8-8DAF-F976C54623EA}.Debug|iPhoneSimulator.Deploy.0 = Debug|Any CPU
		{3024D66A-DDB4-4FF8-8DAF-F976C54623EA}.Debug|x64.ActiveCfg = Debug|Any CPU
		{3024D66A-DDB4-4FF8-8DAF-F976C54623EA}.Debug|x64.Build.0 = Debug|Any CPU
		{3024D66A-DDB4-4FF8-8DAF-F976C54623EA}.Debug|x64.Deploy.0 = Debug|Any CPU
		{3024D66A-DDB4-4FF8-8DAF-F976C54623EA}.Debug|x86.ActiveCfg = Debug|Any CPU
		{3024D66A-DDB4-4FF8-8DAF-F976C54623EA}.Debug|x86.Build.0 = Debug|Any CPU
		{3024D66A-DDB4-4FF8-8DAF-F976C54623EA}.Debug|x86.Deploy.0 = Debug|Any CPU
		{3024D66A-DDB4-4FF8-8DAF-F976C54623EA}.Release|Any CPU.ActiveCfg = Release|Any CPU
		{3024D66A-DDB4-4FF8-8DAF-F976C54623EA}.Release|Any CPU.Build.0 = Release|Any CPU
		{3024D66A-DDB4-4FF8-8DAF-F976C54623EA}.Release|Any CPU.Deploy.0 = Release|Any CPU
		{3024D66A-DDB4-4FF8-8DAF-F976C54623EA}.Release|ARM.ActiveCfg = Release|Any CPU
		{3024D66A-DDB4-4FF8-8DAF-F976C54623EA}.Release|ARM.Build.0 = Release|Any CPU
		{3024D66A-DDB4-4FF8-8DAF-F976C54623EA}.Release|ARM.Deploy.0 = Release|Any CPU
		{3024D66A-DDB4-4FF8-8DAF-F976C54623EA}.Release|iPhone.ActiveCfg = Release|Any CPU
		{3024D66A-DDB4-4FF8-8DAF-F976C54623EA}.Release|iPhone.Build.0 = Release|Any CPU
		{3024D66A-DDB4-4FF8-8DAF-F976C54623EA}.Release|iPhone.Deploy.0 = Release|Any CPU
		{3024D66A-DDB4-4FF8-8DAF-F976C54623EA}.Release|iPhoneSimulator.ActiveCfg = Release|Any CPU
		{3024D66A-DDB4-4FF8-8DAF-F976C54623EA}.Release|iPhoneSimulator.Build.0 = Release|Any CPU
		{3024D66A-DDB4-4FF8-8DAF-F976C54623EA}.Release|iPhoneSimulator.Deploy.0 = Release|Any CPU
		{3024D66A-DDB4-4FF8-8DAF-F976C54623EA}.Release|x64.ActiveCfg = Release|Any CPU
		{3024D66A-DDB4-4FF8-8DAF-F976C54623EA}.Release|x64.Build.0 = Release|Any CPU
		{3024D66A-DDB4-4FF8-8DAF-F976C54623EA}.Release|x64.Deploy.0 = Release|Any CPU
		{3024D66A-DDB4-4FF8-8DAF-F976C54623EA}.Release|x86.ActiveCfg = Release|Any CPU
		{3024D66A-DDB4-4FF8-8DAF-F976C54623EA}.Release|x86.Build.0 = Release|Any CPU
		{3024D66A-DDB4-4FF8-8DAF-F976C54623EA}.Release|x86.Deploy.0 = Release|Any CPU
	EndGlobalSection
	GlobalSection(SolutionProperties) = preSolution
		HideSolutionNode = FALSE
	EndGlobalSection
	GlobalSection(ExtensibilityGlobals) = postSolution
		SolutionGuid = {0D1E3F79-5A43-427B-9B71-B8246508B4E3}
	EndGlobalSection
EndGlobal
